<?xml version="1.0" encoding="utf-8"?>
<Project ToolsVersion="4.0" xmlns="http://schemas.microsoft.com/developer/msbuild/2003">
  <ItemGroup>
    <ClCompile Include="AssetManeger.cpp" />
    <ClCompile Include="Bullet.cpp" />
    <ClCompile Include="main.cpp" />
    <ClCompile Include="Game.cpp" />
    <ClCompile Include="Menu.cpp" />
    <ClCompile Include="Player.cpp" />
    <ClCompile Include="SoldierEnemy.cpp" />
    <ClCompile Include="TileMap.cpp" />
    <ClCompile Include="Animation.cpp" />
    <ClCompile Include="EnemySpawner.cpp" />
    <ClCompile Include="SpiderEnemy.cpp" />
    <ClCompile Include="EnemyBullet.cpp" />
    <ClCompile Include="GameObject.cpp" />
    <ClCompile Include="EnemyWizard.cpp" />
    <ClCompile Include="EnemyWizard2.cpp" />
    <ClCompile Include="WizardBullet.cpp" />
    <ClCompile Include="MinotaurBoss.cpp" />
    <ClCompile Include="AnimationBoss.cpp" />
    <ClCompile Include="GameEnd.cpp" />
  </ItemGroup>
  <ItemGroup>
    <ClInclude Include="AssetManeger.h" />
    <ClInclude Include="Bullet.h" />
    <ClInclude Include="Game.h" />
    <ClInclude Include="IEnemy.h" />
    <ClInclude Include="Menu.h" />
    <ClInclude Include="Player.h" />
    <ClInclude Include="SoldierEnemy.h" />
    <ClInclude Include="TileMap.h" />
    <ClInclude Include="Animation.h" />
    <ClInclude Include="SpiderEnemy.h" />
    <ClInclude Include="EnemySpawner.h" />
    <ClInclude Include="EnemyBullet.h" />
    <ClInclude Include="GameObject.h" />
    <ClInclude Include="Utils.h" />
    <ClInclude Include="EnemyWizard.h" />
    <ClInclude Include="EnemyWizard2.h" />
    <ClInclude Include="WizardBullet.h" />
    <ClInclude Include="MinotaurBoss.h" />
    <ClInclude Include="AnimationBoss.h" />
    <ClInclude Include="GameEnd.h" />
  </ItemGroup>
  <ItemGroup>
    <Image Include="SoldierEnemy_image.png" />
    <Image Include="menu_bg.png" />
    <Image Include="SpiderEnemy_SpriteSheet.png" />
    <Image Include="EnemySpawner_image.png" />
    <Image Include="EnemyBullet_image.png" />
    <Image Include="SoldierEnemy_Attack.png" />
    <Image Include="SoldierEnemy_Flying.png" />
    <Image Include="SoldierEnemy_Idle.png" />
  </ItemGroup>
  <ItemGroup>
    <Media Include="musicBG_menu.mp3" />
    <Media Include="music_gamePlayer.mp3" />
  </ItemGroup>
</Project>